<Solution>
  <Configurations>
    <Platform Name="x64" />
  </Configurations>
  <Folder Name="/Docs/">
    <File Path="message-bus-pool.md" />
    <File Path="message-bus-benchmark-ha.json" />
    <File Path="message-bus-benchmark-single.json" />
    <File Path="nntp-security-ordering.md" />
    <File Path="proxy-deployment.md" />
    <File Path="rfc-index.md" />
    <File Path="session-state.md" />
    <File Path="storage-protocol.md" />
  </Folder>
  <Project Path="Vector.NNTP.Encryption/Vector.NNTP.Encryption.csproj" Id="588e60e8-1916-4542-9367-f11d30f3fe98">
    <Platform Project="x64" />
  </Project>
  <Project Path="Vector.NNTP.Utilities/Vector.NNTP.Utilities.csproj" Id="2f1f2212-1f4c-4f20-9c3f-60041f6a386f">
    <Platform Project="x64" />
  </Project>
  <Project Path="Vector.NNTP.MessageBus/Vector.NNTP.MessageBus.csproj" Id="bb35d90a-ca94-43f1-9ad9-a3809ce22971">
    <Platform Project="x64" />
  </Project>
  <Project Path="Vector.NNTP.NNRPD/Vector.NNTP.NNRPD.csproj" Id="bdbc6013-04c9-4ef7-bdd7-77de3b7af46f">
    <BuildDependency Project="Vector.NNTP.MessageBus/Vector.NNTP.MessageBus.csproj" />
    <Platform Project="x64" />
  </Project>
  <Project Path="Vector.NNTP.NNTPD/Vector.NNTP.NNTPD.csproj">
    <BuildDependency Project="Vector.NNTP.MessageBus/Vector.NNTP.MessageBus.csproj" />
    <Platform Project="x64" />
  </Project>
  <Project Path="Vector.NNTP.Tests/Vector.NNTP.Tests.csproj">
    <BuildDependency Project="Vector.NNTP.Encryption/Vector.NNTP.Encryption.csproj" />
    <BuildDependency Project="Vector.NNTP.Utilities/Vector.NNTP.Utilities.csproj" />
    <BuildDependency Project="Vector.NNTP.MessageBus/Vector.NNTP.MessageBus.csproj" />
    <BuildDependency Project="Vector.NNTP.NNRPD/Vector.NNTP.NNRPD.csproj" />
    <BuildDependency Project="Vector.NNTP.NNTPD/Vector.NNTP.NNTPD.csproj" />
    <Platform Project="x64" />
  </Project>
</Solution>
